{
  "name": "3bkarino-tech",
  "version": "2.0.0",
  "lockfileVersion": 3,
  "requires": true,
  "packages": {
    "": {
      "name": "3bkarino-tech",
      "version": "2.0.0",
      "dependencies": {
        "ai": "^7.0.127",
        "zod": "^4.6.5"
      },
      "devDependencies": {
        "@types/node": "^26.6.4",
        "jsdom": "^30.1.2",
        "typescript": "^7.0.2"
      }
    },
    "node_modules/@ai-sdk/gateway": {
      "version": "4.0.103",
      "resolved": "https://registry.npmjs.org/@ai-sdk/gateway/-/gateway-4.0.103.tgz",
      "integrity": "sha512-nnGTUHzPRQ14jhv9CL4OQrzcRBIFTBMIPKGIi9Z9u/4GtwSRxa/nxUX6np2Iwp5phOzO0a0njj/j9Jolf5AEaA==",
      "license": "Apache-2.0",
      "dependencies": {
        "@ai-sdk/provider": "4.0.21",
        "@ai-sdk/provider-utils": "5.0.53",
        "@vercel/oidc": "3.2.0"
      },
      "engines": {
        "node": ">=22"
      },
      "peerDependencies": {
        "zod": "^3.25.76 || ^4.1.8"
      }
    },
    "node_modules/@ai-sdk/provider": {
      "version": "4.0.21",
      "resolved": "https://registry.npmjs.org/@ai-sdk/provider/-/provider-4.0.21.tgz",
      "integrity": "sha512-UpbC9C1oht8dhfKPbVXSLRZS3DI8uk8n5v2uMjBPNIYGsC2kL045ywq7D8Hh9KgnH9rP5W/GxQdYtWScRouqlA==",
      "license": "Apache-2.0",
      "dependencies": {
        "json-schema": "^0.4.0"
      },
      "engines": {
        "node": ">=22"
      }
    },
    "node_modules/@ai-sdk/provider-utils": {
      "version": "5.0.53",
      "resolved": "https://reg¶»§q«^